
Microsoft Visual Studio Solution File, Format Version 12.00
# Visual Studio Version 17
VisualStudioVersion = 17.7.33808.371
MinimumVisualStudioVersion = 10.0.40219.1
Project("{FAE04EC0-301F-11D3-BF4B-00C04F79EFBC}") = "WeatherBlazor", "ui-blazor\blazor\WeatherBlazor.csproj", "{192C7008-36B8-4E28-BC6C-4BAE660537F7}"
EndProject
Project("{FAE04EC0-301F-11D3-BF4B-00C04F79EFBC}") = "WeatherAPI", "api-dotnet\api\WeatherAPI.csproj", "{36D2831B-4CD0-4CEE-A7E2-93914782305A}"
EndProject
Project("{FAE04EC0-301F-11D3-BF4B-00C04F79EFBC}") = "WeatherMVC", "mvc-dotnet\mvc\WeatherMVC.csproj", "{76692D10-B4B4-4896-8A1A-AED10DB540FD}"
EndProject
Project("{FAE04EC0-301F-11D3-BF4B-00C04F79EFBC}") = "Core", "core-dotnet\core\Core.csproj", "{5A1E1F2E-2E0B-4E5A-9C2B-2C6E7F4A9B3D}"
EndProject
Project("{2150E333-8FDC-42A3-9474-1A3956D46DE8}") = "api-dotnet", "api-dotnet", "{63619B0A-1656-1D74-FE7C-8394D7436D49}"
EndProject
Project("{2150E333-8FDC-42A3-9474-1A3956D46DE8}") = "api.tests", "api.tests", "{5ABBC0E5-CF93-86E3-8916-9EAE665EBE5C}"
EndProject
Project("{FAE04EC0-301F-11D3-BF4B-00C04F79EFBC}") = "WeatherAPI.Tests", "api-dotnet\api.tests\WeatherAPI.Tests.csproj", "{DFF4E329-4BC4-4A02-B1F1-67153CF7CFEB}"
EndProject
Project("{2150E333-8FDC-42A3-9474-1A3956D46DE8}") = "mcp-function", "mcp-function", "{8B9FDB55-B235-7FC9-E677-CC22ECA932D6}"
EndProject
Project("{FAE04EC0-301F-11D3-BF4B-00C04F79EFBC}") = "WeatherMcpFunction", "mcp-function\mcp\WeatherMcpFunction.csproj", "{5962B838-3248-4190-8626-F643A95D52B9}"
EndProject
Project("{2150E333-8FDC-42A3-9474-1A3956D46DE8}") = "mcp-dotnet", "mcp-dotnet", "{8B400B21-9EDA-E0E5-5A84-5119AB2EF6E8}"
EndProject
Project("{FAE04EC0-301F-11D3-BF4B-00C04F79EFBC}") = "WeatherMcpDotNet", "mcp-dotnet\mcp\WeatherMcpDotNet.csproj", "{DD9CDF0F-584C-4439-9357-0AB7CFB098D4}"
EndProject
Project("{2150E333-8FDC-42A3-9474-1A3956D46DE8}") = "core-dotnet", "core-dotnet", "{1CAA8A21-A73B-64F8-E408-65F262DF1FF4}"
EndProject
Project("{2150E333-8FDC-42A3-9474-1A3956D46DE8}") = "worker-dotnet", "worker-dotnet", "{E56F6B0E-A6F6-3358-388F-354936E06E4E}"
EndProject
Project("{FAE04EC0-301F-11D3-BF4B-00C04F79EFBC}") = "WeatherWorkerDotNet", "worker-dotnet\worker\WeatherWorkerDotNet.csproj", "{6275684E-8E4B-42CE-ACCA-662CA34F2679}"
EndProject
Project("{2150E333-8FDC-42A3-9474-1A3956D46DE8}") = "core.tests", "core.tests", "{194A79AE-9FE4-5F0D-4EE9-CA51D4E6243D}"
EndProject
Project("{FAE04EC0-301F-11D3-BF4B-00C04F79EFBC}") = "Core.Tests", "core-dotnet\core.tests\Core.Tests.csproj", "{B37B2222-6C80-4DF4-BBF5-B8735E925EFC}"
EndProject
Project("{2150E333-8FDC-42A3-9474-1A3956D46DE8}") = "FoundryConsoleV1", "FoundryConsoleV1", "{93D8A408-32AF-09F8-72E3-0D17BAD9122F}"
EndProject
Project("{FAE04EC0-301F-11D3-BF4B-00C04F79EFBC}") = "FoundryConsoleV1ModelDirectLegacy", "FoundryConsoleV1\FoundryConsoleV1ModelDirectLegacy.csproj", "{85B99CAF-4346-43DF-80CC-BCE7ABA3A085}"
EndProject
Project("{2150E333-8FDC-42A3-9474-1A3956D46DE8}") = "FoundryConsoleV2", "FoundryConsoleV2", "{43ACDC19-4532-3CBF-D1B9-47ADF35ED454}"
EndProject
Project("{FAE04EC0-301F-11D3-BF4B-00C04F79EFBC}") = "FoundryConsoleV2ModelDirectUnifiedAI", "FoundryConsoleV2\FoundryConsoleV2ModelDirectUnifiedAI.csproj", "{0E27C959-B26F-4028-92E1-9F66183F0BAE}"
EndProject
Project("{2150E333-8FDC-42A3-9474-1A3956D46DE8}") = "FoundryConsoleV3", "FoundryConsoleV3", "{731B528E-B0F6-DC7F-0757-E7FC6279829A}"
EndProject
Project("{FAE04EC0-301F-11D3-BF4B-00C04F79EFBC}") = "FoundryConsoleV3InjectFunctions", "FoundryConsoleV3\FoundryConsoleV3InjectFunctions.csproj", "{1EB58FFC-4129-4745-8DAE-275DD1ED30D1}"
EndProject
Project("{2150E333-8FDC-42A3-9474-1A3956D46DE8}") = "FoundryConsoleV5", "FoundryConsoleV5", "{DE349B40-A10F-7B7E-155A-C89584ACB3F0}"
EndProject
Project("{FAE04EC0-301F-11D3-BF4B-00C04F79EFBC}") = "FoundryConsoleV5Agent", "FoundryConsoleV5\FoundryConsoleV5Agent.csproj", "{CFFFEE4B-3F86-4615-9ACA-B567E2D21D2B}"
EndProject
Project("{2150E333-8FDC-42A3-9474-1A3956D46DE8}") = "ui-blazor", "ui-blazor", "{8F463315-B67A-A694-85B4-12ACD88DB5A1}"
EndProject
Project("{2150E333-8FDC-42A3-9474-1A3956D46DE8}") = "blazor.tests", "blazor.tests", "{B91BD8CA-FCF4-5A38-69CA-09D840945EDF}"
EndProject
Project("{FAE04EC0-301F-11D3-BF4B-00C04F79EFBC}") = "WeatherBlazor.Tests", "ui-blazor\blazor.tests\WeatherBlazor.Tests.csproj", "{27E5C4AB-846C-4954-AB4A-D214089DF307}"
EndProject
Project("{2150E333-8FDC-42A3-9474-1A3956D46DE8}") = "worker.tests", "worker.tests", "{05D96FEA-838A-EA51-4B06-2D59888A4876}"
EndProject
Project("{FAE04EC0-301F-11D3-BF4B-00C04F79EFBC}") = "WeatherWorkerDotNet.Tests", "worker-dotnet\worker.tests\WeatherWorkerDotNet.Tests.csproj", "{61945268-41CE-4CBA-9093-F9CF367AD2B7}"
EndProject
Project("{2150E333-8FDC-42A3-9474-1A3956D46DE8}") = "mvc-dotnet", "mvc-dotnet", "{3F8E9A12-4B5C-6D7E-8F90-1A2B3C4D5E6F}"
EndProject
Project("{2150E333-8FDC-42A3-9474-1A3956D46DE8}") = "mvc.tests", "mvc.tests", "{2178BF8C-1179-EA17-522C-0083DCC79D3A}"
EndProject
Project("{FAE04EC0-301F-11D3-BF4B-00C04F79EFBC}") = "WeatherMVC.Tests", "mvc-dotnet\mvc.tests\WeatherMVC.Tests.csproj", "{5AA2285A-2010-4AF2-812E-5F5E2715CC24}"
EndProject
Project("{2150E333-8FDC-42A3-9474-1A3956D46DE8}") = "mcp.tests", "mcp.tests", "{A0AFDFE4-2DBE-6784-9E69-E803C849C803}"
EndProject
Project("{FAE04EC0-301F-11D3-BF4B-00C04F79EFBC}") = "WeatherMcpDotNet.Tests", "mcp-dotnet\mcp.tests\WeatherMcpDotNet.Tests.csproj", "{C3842665-CFDD-4247-A50F-A08892912695}"
EndProject
Project("{2150E333-8FDC-42A3-9474-1A3956D46DE8}") = "mcp.tests", "mcp.tests", "{9BF425AA-6E84-2D00-C9C2-CEF846ABAB1B}"
EndProject
Project("{FAE04EC0-301F-11D3-BF4B-00C04F79EFBC}") = "WeatherMcpFunction.Tests", "mcp-function\mcp.tests\WeatherMcpFunction.Tests.csproj", "{8DBB54F7-9E0C-4A7C-9ADB-34DF630C51EE}"
EndProject
Project("{2150E333-8FDC-42A3-9474-1A3956D46DE8}") = "FoundryConsoleV4", "FoundryConsoleV4", "{0012149F-B1CE-45F7-DBD6-F14A33B9E099}"
EndProject
Project("{FAE04EC0-301F-11D3-BF4B-00C04F79EFBC}") = "FoundryConsoleV4MCP", "FoundryConsoleV4\FoundryConsoleV4MCP.csproj", "{BF02C070-5AE2-4426-855D-EFC5EE6F012F}"
EndProject
Project("{2150E333-8FDC-42A3-9474-1A3956D46DE8}") = "mediatr-dotnet", "mediatr-dotnet", "{3961B67E-76FB-C118-F2C5-378574731DFD}"
EndProject
Project("{FAE04EC0-301F-11D3-BF4B-00C04F79EFBC}") = "MediatR", "mediatr-dotnet\mediatr\MediatR.csproj", "{E50ED8F8-6415-41DE-8979-8B984406DAA1}"
EndProject
Project("{FAE04EC0-301F-11D3-BF4B-00C04F79EFBC}") = "MediatR.Tests", "mediatr-dotnet\mediatr.tests\MediatR.Tests.csproj", "{65E22385-890F-4FAE-BD74-F117306DDA29}"
EndProject
Global
	GlobalSection(SolutionConfigurationPlatforms) = preSolution
		Debug|Any CPU = Debug|Any CPU
		Debug|x64 = Debug|x64
		Debug|x86 = Debug|x86
		Release|Any CPU = Release|Any CPU
		Release|x64 = Release|x64
		Release|x86 = Release|x86
	EndGlobalSection
	GlobalSection(ProjectConfigurationPlatforms) = postSolution
		{192C7008-36B8-4E28-BC6C-4BAE660537F7}.Debug|Any CPU.ActiveCfg = Debug|Any CPU
		{192C7008-36B8-4E28-BC6C-4BAE660537F7}.Debug|Any CPU.Build.0 = Debug|Any CPU
		{192C7008-36B8-4E28-BC6C-4BAE660537F7}.Debug|x64.ActiveCfg = Debug|Any CPU
		{192C7008-36B8-4E28-BC6C-4BAE660537F7}.Debug|x64.Build.0 = Debug|Any CPU
		{192C7008-36B8-4E28-BC6C-4BAE660537F7}.Debug|x86.ActiveCfg = Debug|Any CPU
		{192C7008-36B8-4E28-BC6C-4BAE660537F7}.Debug|x86.Build.0 = Debug|Any CPU
		{192C7008-36B8-4E28-BC6C-4BAE660537F7}.Release|Any CPU.ActiveCfg = Release|Any CPU
		{192C7008-36B8-4E28-BC6C-4BAE660537F7}.Release|Any CPU.Build.0 = Release|Any CPU
		{192C7008-36B8-4E28-BC6C-4BAE660537F7}.Release|x64.ActiveCfg = Release|Any CPU
		{192C7008-36B8-4E28-BC6C-4BAE660537F7}.Release|x64.Build.0 = Release|Any CPU
		{192C7008-36B8-4E28-BC6C-4BAE660537F7}.Release|x86.ActiveCfg = Release|Any CPU
		{192C7008-36B8-4E28-BC6C-4BAE660537F7}.Release|x86.Build.0 = Release|Any CPU
		{36D2831B-4CD0-4CEE-A7E2-93914782305A}.Debug|Any CPU.ActiveCfg = Debug|Any CPU
		{36D2831B-4CD0-4CEE-A7E2-93914782305A}.Debug|Any CPU.Build.0 = Debug|Any CPU
		{36D2831B-4CD0-4CEE-A7E2-93914782305A}.Debug|x64.ActiveCfg = Debug|Any CPU
		{36D2831B-4CD0-4CEE-A7E2-93914782305A}.Debug|x64.Build.0 = Debug|Any CPU
		{36D2831B-4CD0-4CEE-A7E2-93914782305A}.Debug|x86.ActiveCfg = Debug|Any CPU
		{36D2831B-4CD0-4CEE-A7E2-93914782305A}.Debug|x86.Build.0 = Debug|Any CPU
		{36D2831B-4CD0-4CEE-A7E2-93914782305A}.Release|Any CPU.ActiveCfg = Release|Any CPU
		{36D2831B-4CD0-4CEE-A7E2-93914782305A}.Release|Any CPU.Build.0 = Release|Any CPU
		{36D2831B-4CD0-4CEE-A7E2-93914782305A}.Release|x64.ActiveCfg = Release|Any CPU
		{36D2831B-4CD0-4CEE-A7E2-93914782305A}.Release|x64.Build.0 = Release|Any CPU
		{36D2831B-4CD0-4CEE-A7E2-93914782305A}.Release|x86.ActiveCfg = Release|Any CPU
		{36D2831B-4CD0-4CEE-A7E2-93914782305A}.Release|x86.Build.0 = Release|Any CPU
		{76692D10-B4B4-4896-8A1A-AED10DB540FD}.Debug|Any CPU.ActiveCfg = Debug|Any CPU
		{76692D10-B4B4-4896-8A1A-AED10DB540FD}.Debug|Any CPU.Build.0 = Debug|Any CPU
		{76692D10-B4B4-4896-8A1A-AED10DB540FD}.Debug|x64.ActiveCfg = Debug|Any CPU
		{76692D10-B4B4-4896-8A1A-AED10DB540FD}.Debug|x64.Build.0 = Debug|Any CPU
		{76692D10-B4B4-4896-8A1A-AED10DB540FD}.Debug|x86.ActiveCfg = Debug|Any CPU
		{76692D10-B4B4-4896-8A1A-AED10DB540FD}.Debug|x86.Build.0 = Debug|Any CPU
		{76692D10-B4B4-4896-8A1A-AED10DB540FD}.Release|Any CPU.ActiveCfg = Release|Any CPU
		{76692D10-B4B4-4896-8A1A-AED10DB540FD}.Release|Any CPU.Build.0 = Release|Any CPU
		{76692D10-B4B4-4896-8A1A-AED10DB540FD}.Release|x64.ActiveCfg = Release|Any CPU
		{76692D10-B4B4-4896-8A1A-AED10DB540FD}.Release|x64.Build.0 = Release|Any CPU
		{76692D10-B4B4-4896-8A1A-AED10DB540FD}.Release|x86.ActiveCfg = Release|Any CPU
		{76692D10-B4B4-4896-8A1A-AED10DB540FD}.Release|x86.Build.0 = Release|Any CPU
		{5A1E1F2E-2E0B-4E5A-9C2B-2C6E7F4A9B3D}.Debug|Any CPU.ActiveCfg = Debug|Any CPU
		{5A1E1F2E-2E0B-4E5A-9C2B-2C6E7F4A9B3D}.Debug|Any CPU.Build.0 = Debug|Any CPU
		{5A1E1F2E-2E0B-4E5A-9C2B-2C6E7F4A9B3D}.Debug|x64.ActiveCfg = Debug|Any CPU
		{5A1E1F2E-2E0B-4E5A-9C2B-2C6E7F4A9B3D}.Debug|x64.Build.0 = Debug|Any CPU
		{5A1E1F2E-2E0B-4E5A-9C2B-2C6E7F4A9B3D}.Debug|x86.ActiveCfg = Debug|Any CPU
		{5A1E1F2E-2E0B-4E5A-9C2B-2C6E7F4A9B3D}.Debug|x86.Build.0 = Debug|Any CPU
		{5A1E1F2E-2E0B-4E5A-9C2B-2C6E7F4A9B3D}.Release|Any CPU.ActiveCfg = Release|Any CPU
		{5A1E1F2E-2E0B-4E5A-9C2B-2C6E7F4A9B3D}.Release|Any CPU.Build.0 = Release|Any CPU
		{5A1E1F2E-2E0B-4E5A-9C2B-2C6E7F4A9B3D}.Release|x64.ActiveCfg = Release|Any CPU
		{5A1E1F2E-2E0B-4E5A-9C2B-2C6E7F4A9B3D}.Release|x64.Build.0 = Release|Any CPU
		{5A1E1F2E-2E0B-4E5A-9C2B-2C6E7F4A9B3D}.Release|x86.ActiveCfg = Release|Any CPU
		{5A1E1F2E-2E0B-4E5A-9C2B-2C6E7F4A9B3D}.Release|x86.Build.0 = Release|Any CPU
		{DFF4E329-4BC4-4A02-B1F1-67153CF7CFEB}.Debug|Any CPU.ActiveCfg = Debug|Any CPU
		{DFF4E329-4BC4-4A02-B1F1-67153CF7CFEB}.Debug|Any CPU.Build.0 = Debug|Any CPU
		{DFF4E329-4BC4-4A02-B1F1-67153CF7CFEB}.Debug|x64.ActiveCfg = Debug|Any CPU
		{DFF4E329-4BC4-4A02-B1F1-67153CF7CFEB}.Debug|x64.Build.0 = Debug|Any CPU
		{DFF4E329-4BC4-4A02-B1F1-67153CF7CFEB}.Debug|x86.ActiveCfg = Debug|Any CPU
		{DFF4E329-4BC4-4A02-B1F1-67153CF7CFEB}.Debug|x86.Build.0 = Debug|Any CPU
		{DFF4E329-4BC4-4A02-B1F1-67153CF7CFEB}.Release|Any CPU.ActiveCfg = Release|Any CPU
		{DFF4E329-4BC4-4A02-B1F1-67153CF7CFEB}.Release|Any CPU.Build.0 = Release|Any CPU
		{DFF4E329-4BC4-4A02-B1F1-67153CF7CFEB}.Release|x64.ActiveCfg = Release|Any CPU
		{DFF4E329-4BC4-4A02-B1F1-67153CF7CFEB}.Release|x64.Build.0 = Release|Any CPU
		{DFF4E329-4BC4-4A02-B1F1-67153CF7CFEB}.Release|x86.ActiveCfg = Release|Any CPU
		{DFF4E329-4BC4-4A02-B1F1-67153CF7CFEB}.Release|x86.Build.0 = Release|Any CPU
		{5962B838-3248-4190-8626-F643A95D52B9}.Debug|Any CPU.ActiveCfg = Debug|Any CPU
		{5962B838-3248-4190-8626-F643A95D52B9}.Debug|Any CPU.Build.0 = Debug|Any CPU
		{5962B838-3248-4190-8626-F643A95D52B9}.Debug|x64.ActiveCfg = Debug|Any CPU
		{5962B838-3248-4190-8626-F643A95D52B9}.Debug|x64.Build.0 = Debug|Any CPU
		{5962B838-3248-4190-8626-F643A95D52B9}.Debug|x86.ActiveCfg = Debug|Any CPU
		{5962B838-3248-4190-8626-F643A95D52B9}.Debug|x86.Build.0 = Debug|Any CPU
		{5962B838-3248-4190-8626-F643A95D52B9}.Release|Any CPU.ActiveCfg = Release|Any CPU
		{5962B838-3248-4190-8626-F643A95D52B9}.Release|Any CPU.Build.0 = Release|Any CPU
		{5962B838-3248-4190-8626-F643A95D52B9}.Release|x64.ActiveCfg = Release|Any CPU
		{5962B838-3248-4190-8626-F643A95D52B9}.Release|x64.Build.0 = Release|Any CPU
		{5962B838-3248-4190-8626-F643A95D52B9}.Release|x86.ActiveCfg = Release|Any CPU
		{5962B838-3248-4190-8626-F643A95D52B9}.Release|x86.Build.0 = Release|Any CPU
		{DD9CDF0F-584C-4439-9357-0AB7CFB098D4}.Debug|Any CPU.ActiveCfg = Debug|Any CPU
		{DD9CDF0F-584C-4439-9357-0AB7CFB098D4}.Debug|Any CPU.Build.0 = Debug|Any CPU
		{DD9CDF0F-584C-4439-9357-0AB7CFB098D4}.Debug|x64.ActiveCfg = Debug|Any CPU
		{DD9CDF0F-584C-4439-9357-0AB7CFB098D4}.Debug|x64.Build.0 = Debug|Any CPU
		{DD9CDF0F-584C-4439-9357-0AB7CFB098D4}.Debug|x86.ActiveCfg = Debug|Any CPU
		{DD9CDF0F-584C-4439-9357-0AB7CFB098D4}.Debug|x86.Build.0 = Debug|Any CPU
		{DD9CDF0F-584C-4439-9357-0AB7CFB098D4}.Release|Any CPU.ActiveCfg = Release|Any CPU
		{DD9CDF0F-584C-4439-9357-0AB7CFB098D4}.Release|Any CPU.Build.0 = Release|Any CPU
		{DD9CDF0F-584C-4439-9357-0AB7CFB098D4}.Release|x64.ActiveCfg = Release|Any CPU
		{DD9CDF0F-584C-4439-9357-0AB7CFB098D4}.Release|x64.Build.0 = Release|Any CPU
		{DD9CDF0F-584C-4439-9357-0AB7CFB098D4}.Release|x86.ActiveCfg = Release|Any CPU
		{DD9CDF0F-584C-4439-9357-0AB7CFB098D4}.Release|x86.Build.0 = Release|Any CPU
		{6275684E-8E4B-42CE-ACCA-662CA34F2679}.Debug|Any CPU.ActiveCfg = Debug|Any CPU
		{6275684E-8E4B-42CE-ACCA-662CA34F2679}.Debug|Any CPU.Build.0 = Debug|Any CPU
		{6275684E-8E4B-42CE-ACCA-662CA34F2679}.Debug|x64.ActiveCfg = Debug|Any CPU
		{6275684E-8E4B-42CE-ACCA-662CA34F2679}.Debug|x64.Build.0 = Debug|Any CPU
		{6275684E-8E4B-42CE-ACCA-662CA34F2679}.Debug|x86.ActiveCfg = Debug|Any CPU
		{6275684E-8E4B-42CE-ACCA-662CA34F2679}.Debug|x86.Build.0 = Debug|Any CPU
		{6275684E-8E4B-42CE-ACCA-662CA34F2679}.Release|Any CPU.ActiveCfg = Release|Any CPU
		{6275684E-8E4B-42CE-ACCA-662CA34F2679}.Release|Any CPU.Build.0 = Release|Any CPU
		{6275684E-8E4B-42CE-ACCA-662CA34F2679}.Release|x64.ActiveCfg = Release|Any CPU
		{6275684E-8E4B-42CE-ACCA-662CA34F2679}.Release|x64.Build.0 = Release|Any CPU
		{6275684E-8E4B-42CE-ACCA-662CA34F2679}.Release|x86.ActiveCfg = Release|Any CPU
		{6275684E-8E4B-42CE-ACCA-662CA34F2679}.Release|x86.Build.0 = Release|Any CPU
		{B37B2222-6C80-4DF4-BBF5-B8735E925EFC}.Debug|Any CPU.ActiveCfg = Debug|Any CPU
		{B37B2222-6C80-4DF4-BBF5-B8735E925EFC}.Debug|Any CPU.Build.0 = Debug|Any CPU
		{B37B2222-6C80-4DF4-BBF5-B8735E925EFC}.Debug|x64.ActiveCfg = Debug|Any CPU
		{B37B2222-6C80-4DF4-BBF5-B8735E925EFC}.Debug|x64.Build.0 = Debug|Any CPU
		{B37B2222-6C80-4DF4-BBF5-B8735E925EFC}.Debug|x86.ActiveCfg = Debug|Any CPU
		{B37B2222-6C80-4DF4-BBF5-B8735E925EFC}.Debug|x86.Build.0 = Debug|Any CPU
		{B37B2222-6C80-4DF4-BBF5-B8735E925EFC}.Release|Any CPU.ActiveCfg = Release|Any CPU
		{B37B2222-6C80-4DF4-BBF5-B8735E925EFC}.Release|Any CPU.Build.0 = Release|Any CPU
		{B37B2222-6C80-4DF4-BBF5-B8735E925EFC}.Release|x64.ActiveCfg = Release|Any CPU
		{B37B2222-6C80-4DF4-BBF5-B8735E925EFC}.Release|x64.Build.0 = Release|Any CPU
		{B37B2222-6C80-4DF4-BBF5-B8735E925EFC}.Release|x86.ActiveCfg = Release|Any CPU
		{B37B2222-6C80-4DF4-BBF5-B8735E925EFC}.Release|x86.Build.0 = Release|Any CPU
		{85B99CAF-4346-43DF-80CC-BCE7ABA3A085}.Debug|Any CPU.ActiveCfg = Debug|Any CPU
		{85B99CAF-4346-43DF-80CC-BCE7ABA3A085}.Debug|Any CPU.Build.0 = Debug|Any CPU
		{85B99CAF-4346-43DF-80CC-BCE7ABA3A085}.Debug|x64.ActiveCfg = Debug|Any CPU
		{85B99CAF-4346-43DF-80CC-BCE7ABA3A085}.Debug|x64.Build.0 = Debug|Any CPU
		{85B99CAF-4346-43DF-80CC-BCE7ABA3A085}.Debug|x86.ActiveCfg = Debug|Any CPU
		{85B99CAF-4346-43DF-80CC-BCE7ABA3A085}.Debug|x86.Build.0 = Debug|Any CPU
		{85B99CAF-4346-43DF-80CC-BCE7ABA3A085}.Release|Any CPU.ActiveCfg = Release|Any CPU
		{85B99CAF-4346-43DF-80CC-BCE7ABA3A085}.Release|Any CPU.Build.0 = Release|Any CPU
		{85B99CAF-4346-43DF-80CC-BCE7ABA3A085}.Release|x64.ActiveCfg = Release|Any CPU
		{85B99CAF-4346-43DF-80CC-BCE7ABA3A085}.Release|x64.Build.0 = Release|Any CPU
		{85B99CAF-4346-43DF-80CC-BCE7ABA3A085}.Release|x86.ActiveCfg = Release|Any CPU
		{85B99CAF-4346-43DF-80CC-BCE7ABA3A085}.Release|x86.Build.0 = Release|Any CPU
		{0E27C959-B26F-4028-92E1-9F66183F0BAE}.Debug|Any CPU.ActiveCfg = Debug|Any CPU
		{0E27C959-B26F-4028-92E1-9F66183F0BAE}.Debug|Any CPU.Build.0 = Debug|Any CPU
		{0E27C959-B26F-4028-92E1-9F66183F0BAE}.Debug|x64.ActiveCfg = Debug|Any CPU
		{0E27C959-B26F-4028-92E1-9F66183F0BAE}.Debug|x64.Build.0 = Debug|Any CPU
		{0E27C959-B26F-4028-92E1-9F66183F0BAE}.Debug|x86.ActiveCfg = Debug|Any CPU
		{0E27C959-B26F-4028-92E1-9F66183F0BAE}.Debug|x86.Build.0 = Debug|Any CPU
		{0E27C959-B26F-4028-92E1-9F66183F0BAE}.Release|Any CPU.ActiveCfg = Release|Any CPU
		{0E27C959-B26F-4028-92E1-9F66183F0BAE}.Release|Any CPU.Build.0 = Release|Any CPU
		{0E27C959-B26F-4028-92E1-9F66183F0BAE}.Release|x64.ActiveCfg = Release|Any CPU
		{0E27C959-B26F-4028-92E1-9F66183F0BAE}.Release|x64.Build.0 = Release|Any CPU
		{0E27C959-B26F-4028-92E1-9F66183F0BAE}.Release|x86.ActiveCfg = Release|Any CPU
		{0E27C959-B26F-4028-92E1-9F66183F0BAE}.Release|x86.Build.0 = Release|Any CPU
		{1EB58FFC-4129-4745-8DAE-275DD1ED30D1}.Debug|Any CPU.ActiveCfg = Debug|Any CPU
		{1EB58FFC-4129-4745-8DAE-275DD1ED30D1}.Debug|Any CPU.Build.0 = Debug|Any CPU
		{1EB58FFC-4129-4745-8DAE-275DD1ED30D1}.Debug|x64.ActiveCfg = Debug|Any CPU
		{1EB58FFC-4129-4745-8DAE-275DD1ED30D1}.Debug|x64.Build.0 = Debug|Any CPU
		{1EB58FFC-4129-4745-8DAE-275DD1ED30D1}.Debug|x86.ActiveCfg = Debug|Any CPU
		{1EB58FFC-4129-4745-8DAE-275DD1ED30D1}.Debug|x86.Build.0 = Debug|Any CPU
		{1EB58FFC-4129-4745-8DAE-275DD1ED30D1}.Release|Any CPU.ActiveCfg = Release|Any CPU
		{1EB58FFC-4129-4745-8DAE-275DD1ED30D1}.Release|Any CPU.Build.0 = Release|Any CPU
		{1EB58FFC-4129-4745-8DAE-275DD1ED30D1}.Release|x64.ActiveCfg = Release|Any CPU
		{1EB58FFC-4129-4745-8DAE-275DD1ED30D1}.Release|x64.Build.0 = Release|Any CPU
		{1EB58FFC-4129-4745-8DAE-275DD1ED30D1}.Release|x86.ActiveCfg = Release|Any CPU
		{1EB58FFC-4129-4745-8DAE-275DD1ED30D1}.Release|x86.Build.0 = Release|Any CPU
		{CFFFEE4B-3F86-4615-9ACA-B567E2D21D2B}.Debug|Any CPU.ActiveCfg = Debug|Any CPU
		{CFFFEE4B-3F86-4615-9ACA-B567E2D21D2B}.Debug|Any CPU.Build.0 = Debug|Any CPU
		{CFFFEE4B-3F86-4615-9ACA-B567E2D21D2B}.Debug|x64.ActiveCfg = Debug|Any CPU
		{CFFFEE4B-3F86-4615-9ACA-B567E2D21D2B}.Debug|x64.Build.0 = Debug|Any CPU
		{CFFFEE4B-3F86-4615-9ACA-B567E2D21D2B}.Debug|x86.ActiveCfg = Debug|Any CPU
		{CFFFEE4B-3F86-4615-9ACA-B567E2D21D2B}.Debug|x86.Build.0 = Debug|Any CPU
		{CFFFEE4B-3F86-4615-9ACA-B567E2D21D2B}.Release|Any CPU.ActiveCfg = Release|Any CPU
		{CFFFEE4B-3F86-4615-9ACA-B567E2D21D2B}.Release|Any CPU.Build.0 = Release|Any CPU
		{CFFFEE4B-3F86-4615-9ACA-B567E2D21D2B}.Release|x64.ActiveCfg = Release|Any CPU
		{CFFFEE4B-3F86-4615-9ACA-B567E2D21D2B}.Release|x64.Build.0 = Release|Any CPU
		{CFFFEE4B-3F86-4615-9ACA-B567E2D21D2B}.Release|x86.ActiveCfg = Release|Any CPU
		{CFFFEE4B-3F86-4615-9ACA-B567E2D21D2B}.Release|x86.Build.0 = Release|Any CPU
		{27E5C4AB-846C-4954-AB4A-D214089DF307}.Debug|Any CPU.ActiveCfg = Debug|Any CPU
		{27E5C4AB-846C-4954-AB4A-D214089DF307}.Debug|Any CPU.Build.0 = Debug|Any CPU
		{27E5C4AB-846C-4954-AB4A-D214089DF307}.Debug|x64.ActiveCfg = Debug|Any CPU
		{27E5C4AB-846C-4954-AB4A-D214089DF307}.Debug|x64.Build.0 = Debug|Any CPU
		{27E5C4AB-846C-4954-AB4A-D214089DF307}.Debug|x86.ActiveCfg = Debug|Any CPU
		{27E5C4AB-846C-4954-AB4A-D214089DF307}.Debug|x86.Build.0 = Debug|Any CPU
		{27E5C4AB-846C-4954-AB4A-D214089DF307}.Release|Any CPU.ActiveCfg = Release|Any CPU
		{27E5C4AB-846C-4954-AB4A-D214089DF307}.Release|Any CPU.Build.0 = Release|Any CPU
		{27E5C4AB-846C-4954-AB4A-D214089DF307}.Release|x64.ActiveCfg = Release|Any CPU
		{27E5C4AB-846C-4954-AB4A-D214089DF307}.Release|x64.Build.0 = Release|Any CPU
		{27E5C4AB-846C-4954-AB4A-D214089DF307}.Release|x86.ActiveCfg = Release|Any CPU
		{27E5C4AB-846C-4954-AB4A-D214089DF307}.Release|x86.Build.0 = Release|Any CPU
		{61945268-41CE-4CBA-9093-F9CF367AD2B7}.Debug|Any CPU.ActiveCfg = Debug|Any CPU
		{61945268-41CE-4CBA-9093-F9CF367AD2B7}.Debug|Any CPU.Build.0 = Debug|Any CPU
		{61945268-41CE-4CBA-9093-F9CF367AD2B7}.Debug|x64.ActiveCfg = Debug|Any CPU
		{61945268-41CE-4CBA-9093-F9CF367AD2B7}.Debug|x64.Build.0 = Debug|Any CPU
		{61945268-41CE-4CBA-9093-F9CF367AD2B7}.Debug|x86.ActiveCfg = Debug|Any CPU
		{61945268-41CE-4CBA-9093-F9CF367AD2B7}.Debug|x86.Build.0 = Debug|Any CPU
		{61945268-41CE-4CBA-9093-F9CF367AD2B7}.Release|Any CPU.ActiveCfg = Release|Any CPU
		{61945268-41CE-4CBA-9093-F9CF367AD2B7}.Release|Any CPU.Build.0 = Release|Any CPU
		{61945268-41CE-4CBA-9093-F9CF367AD2B7}.Release|x64.ActiveCfg = Release|Any CPU
		{61945268-41CE-4CBA-9093-F9CF367AD2B7}.Release|x64.Build.0 = Release|Any CPU
		{61945268-41CE-4CBA-9093-F9CF367AD2B7}.Release|x86.ActiveCfg = Release|Any CPU
		{61945268-41CE-4CBA-9093-F9CF367AD2B7}.Release|x86.Build.0 = Release|Any CPU
		{5AA2285A-2010-4AF2-812E-5F5E2715CC24}.Debug|Any CPU.ActiveCfg = Debug|Any CPU
		{5AA2285A-2010-4AF2-812E-5F5E2715CC24}.Debug|Any CPU.Build.0 = Debug|Any CPU
		{5AA2285A-2010-4AF2-812E-5F5E2715CC24}.Debug|x64.ActiveCfg = Debug|Any CPU
		{5AA2285A-2010-4AF2-812E-5F5E2715CC24}.Debug|x64.Build.0 = Debug|Any CPU
		{5AA2285A-2010-4AF2-812E-5F5E2715CC24}.Debug|x86.ActiveCfg = Debug|Any CPU
		{5AA2285A-2010-4AF2-812E-5F5E2715CC24}.Debug|x86.Build.0 = Debug|Any CPU
		{5AA2285A-2010-4AF2-812E-5F5E2715CC24}.Release|Any CPU.ActiveCfg = Release|Any CPU
		{5AA2285A-2010-4AF2-812E-5F5E2715CC24}.Release|Any CPU.Build.0 = Release|Any CPU
		{5AA2285A-2010-4AF2-812E-5F5E2715CC24}.Release|x64.ActiveCfg = Release|Any CPU
		{5AA2285A-2010-4AF2-812E-5F5E2715CC24}.Release|x64.Build.0 = Release|Any CPU
		{5AA2285A-2010-4AF2-812E-5F5E2715CC24}.Release|x86.ActiveCfg = Release|Any CPU
		{5AA2285A-2010-4AF2-812E-5F5E2715CC24}.Release|x86.Build.0 = Release|Any CPU
		{C3842665-CFDD-4247-A50F-A08892912695}.Debug|Any CPU.ActiveCfg = Debug|Any CPU
		{C3842665-CFDD-4247-A50F-A08892912695}.Debug|Any CPU.Build.0 = Debug|Any CPU
		{C3842665-CFDD-4247-A50F-A08892912695}.Debug|x64.ActiveCfg = Debug|Any CPU
		{C3842665-CFDD-4247-A50F-A08892912695}.Debug|x64.Build.0 = Debug|Any CPU
		{C3842665-CFDD-4247-A50F-A08892912695}.Debug|x86.ActiveCfg = Debug|Any CPU
		{C3842665-CFDD-4247-A50F-A08892912695}.Debug|x86.Build.0 = Debug|Any CPU
		{C3842665-CFDD-4247-A50F-A08892912695}.Release|Any CPU.ActiveCfg = Release|Any CPU
		{C3842665-CFDD-4247-A50F-A08892912695}.Release|Any CPU.Build.0 = Release|Any CPU
		{C3842665-CFDD-4247-A50F-A08892912695}.Release|x64.ActiveCfg = Release|Any CPU
		{C3842665-CFDD-4247-A50F-A08892912695}.Release|x64.Build.0 = Release|Any CPU
		{C3842665-CFDD-4247-A50F-A08892912695}.Release|x86.ActiveCfg = Release|Any CPU
		{C3842665-CFDD-4247-A50F-A08892912695}.Release|x86.Build.0 = Release|Any CPU
		{8DBB54F7-9E0C-4A7C-9ADB-34DF630C51EE}.Debug|Any CPU.ActiveCfg = Debug|Any CPU
		{8DBB54F7-9E0C-4A7C-9ADB-34DF630C51EE}.Debug|Any CPU.Build.0 = Debug|Any CPU
		{8DBB54F7-9E0C-4A7C-9ADB-34DF630C51EE}.Debug|x64.ActiveCfg = Debug|Any CPU
		{8DBB54F7-9E0C-4A7C-9ADB-34DF630C51EE}.Debug|x64.Build.0 = Debug|Any CPU
		{8DBB54F7-9E0C-4A7C-9ADB-34DF630C51EE}.Debug|x86.ActiveCfg = Debug|Any CPU
		{8DBB54F7-9E0C-4A7C-9ADB-34DF630C51EE}.Debug|x86.Build.0 = Debug|Any CPU
		{8DBB54F7-9E0C-4A7C-9ADB-34DF630C51EE}.Release|Any CPU.ActiveCfg = Release|Any CPU
		{8DBB54F7-9E0C-4A7C-9ADB-34DF630C51EE}.Release|Any CPU.Build.0 = Release|Any CPU
		{8DBB54F7-9E0C-4A7C-9ADB-34DF630C51EE}.Release|x64.ActiveCfg = Release|Any CPU
		{8DBB54F7-9E0C-4A7C-9ADB-34DF630C51EE}.Release|x64.Build.0 = Release|Any CPU
		{8DBB54F7-9E0C-4A7C-9ADB-34DF630C51EE}.Release|x86.ActiveCfg = Release|Any CPU
		{8DBB54F7-9E0C-4A7C-9ADB-34DF630C51EE}.Release|x86.Build.0 = Release|Any CPU
		{BF02C070-5AE2-4426-855D-EFC5EE6F012F}.Debug|Any CPU.ActiveCfg = Debug|Any CPU
		{BF02C070-5AE2-4426-855D-EFC5EE6F012F}.Debug|Any CPU.Build.0 = Debug|Any CPU
		{BF02C070-5AE2-4426-855D-EFC5EE6F012F}.Debug|x64.ActiveCfg = Debug|Any CPU
		{BF02C070-5AE2-4426-855D-EFC5EE6F012F}.Debug|x64.Build.0 = Debug|Any CPU
		{BF02C070-5AE2-4426-855D-EFC5EE6F012F}.Debug|x86.ActiveCfg = Debug|Any CPU
		{BF02C070-5AE2-4426-855D-EFC5EE6F012F}.Debug|x86.Build.0 = Debug|Any CPU
		{BF02C070-5AE2-4426-855D-EFC5EE6F012F}.Release|Any CPU.ActiveCfg = Release|Any CPU
		{BF02C070-5AE2-4426-855D-EFC5EE6F012F}.Release|Any CPU.Build.0 = Release|Any CPU
		{BF02C070-5AE2-4426-855D-EFC5EE6F012F}.Release|x64.ActiveCfg = Release|Any CPU
		{BF02C070-5AE2-4426-855D-EFC5EE6F012F}.Release|x64.Build.0 = Release|Any CPU
		{BF02C070-5AE2-4426-855D-EFC5EE6F012F}.Release|x86.ActiveCfg = Release|Any CPU
		{BF02C070-5AE2-4426-855D-EFC5EE6F012F}.Release|x86.Build.0 = Release|Any CPU
		{E50ED8F8-6415-41DE-8979-8B984406DAA1}.Debug|Any CPU.ActiveCfg = Debug|Any CPU
		{E50ED8F8-6415-41DE-8979-8B984406DAA1}.Debug|Any CPU.Build.0 = Debug|Any CPU
		{E50ED8F8-6415-41DE-8979-8B984406DAA1}.Debug|x64.ActiveCfg = Debug|Any CPU
		{E50ED8F8-6415-41DE-8979-8B984406DAA1}.Debug|x64.Build.0 = Debug|Any CPU
		{E50ED8F8-6415-41DE-8979-8B984406DAA1}.Debug|x86.ActiveCfg = Debug|Any CPU
		{E50ED8F8-6415-41DE-8979-8B984406DAA1}.Debug|x86.Build.0 = Debug|Any CPU
		{E50ED8F8-6415-41DE-8979-8B984406DAA1}.Release|Any CPU.ActiveCfg = Release|Any CPU
		{E50ED8F8-6415-41DE-8979-8B984406DAA1}.Release|Any CPU.Build.0 = Release|Any CPU
		{E50ED8F8-6415-41DE-8979-8B984406DAA1}.Release|x64.ActiveCfg = Release|Any CPU
		{E50ED8F8-6415-41DE-8979-8B984406DAA1}.Release|x64.Build.0 = Release|Any CPU
		{E50ED8F8-6415-41DE-8979-8B984406DAA1}.Release|x86.ActiveCfg = Release|Any CPU
		{E50ED8F8-6415-41DE-8979-8B984406DAA1}.Release|x86.Build.0 = Release|Any CPU
		{65E22385-890F-4FAE-BD74-F117306DDA29}.Debug|Any CPU.ActiveCfg = Debug|Any CPU
		{65E22385-890F-4FAE-BD74-F117306DDA29}.Debug|Any CPU.Build.0 = Debug|Any CPU
		{65E22385-890F-4FAE-BD74-F117306DDA29}.Debug|x64.ActiveCfg = Debug|Any CPU
		{65E22385-890F-4FAE-BD74-F117306DDA29}.Debug|x64.Build.0 = Debug|Any CPU
		{65E22385-890F-4FAE-BD74-F117306DDA29}.Debug|x86.ActiveCfg = Debug|Any CPU
		{65E22385-890F-4FAE-BD74-F117306DDA29}.Debug|x86.Build.0 = Debug|Any CPU
		{65E22385-890F-4FAE-BD74-F117306DDA29}.Release|Any CPU.ActiveCfg = Release|Any CPU
		{65E22385-890F-4FAE-BD74-F117306DDA29}.Release|Any CPU.Build.0 = Release|Any CPU
		{65E22385-890F-4FAE-BD74-F117306DDA29}.Release|x64.ActiveCfg = Release|Any CPU
		{65E22385-890F-4FAE-BD74-F117306DDA29}.Release|x64.Build.0 = Release|Any CPU
		{65E22385-890F-4FAE-BD74-F117306DDA29}.Release|x86.ActiveCfg = Release|Any CPU
		{65E22385-890F-4FAE-BD74-F117306DDA29}.Release|x86.Build.0 = Release|Any CPU
	EndGlobalSection
	GlobalSection(SolutionProperties) = preSolution
		HideSolutionNode = FALSE
	EndGlobalSection
	GlobalSection(NestedProjects) = preSolution
		{192C7008-36B8-4E28-BC6C-4BAE660537F7} = {8F463315-B67A-A694-85B4-12ACD88DB5A1}
		{36D2831B-4CD0-4CEE-A7E2-93914782305A} = {63619B0A-1656-1D74-FE7C-8394D7436D49}
		{76692D10-B4B4-4896-8A1A-AED10DB540FD} = {3F8E9A12-4B5C-6D7E-8F90-1A2B3C4D5E6F}
		{5A1E1F2E-2E0B-4E5A-9C2B-2C6E7F4A9B3D} = {1CAA8A21-A73B-64F8-E408-65F262DF1FF4}
		{5ABBC0E5-CF93-86E3-8916-9EAE665EBE5C} = {63619B0A-1656-1D74-FE7C-8394D7436D49}
		{DFF4E329-4BC4-4A02-B1F1-67153CF7CFEB} = {5ABBC0E5-CF93-86E3-8916-9EAE665EBE5C}
		{5962B838-3248-4190-8626-F643A95D52B9} = {8B9FDB55-B235-7FC9-E677-CC22ECA932D6}
		{DD9CDF0F-584C-4439-9357-0AB7CFB098D4} = {8B400B21-9EDA-E0E5-5A84-5119AB2EF6E8}
		{6275684E-8E4B-42CE-ACCA-662CA34F2679} = {E56F6B0E-A6F6-3358-388F-354936E06E4E}
		{194A79AE-9FE4-5F0D-4EE9-CA51D4E6243D} = {1CAA8A21-A73B-64F8-E408-65F262DF1FF4}
		{B37B2222-6C80-4DF4-BBF5-B8735E925EFC} = {194A79AE-9FE4-5F0D-4EE9-CA51D4E6243D}
		{85B99CAF-4346-43DF-80CC-BCE7ABA3A085} = {93D8A408-32AF-09F8-72E3-0D17BAD9122F}
		{0E27C959-B26F-4028-92E1-9F66183F0BAE} = {43ACDC19-4532-3CBF-D1B9-47ADF35ED454}
		{1EB58FFC-4129-4745-8DAE-275DD1ED30D1} = {731B528E-B0F6-DC7F-0757-E7FC6279829A}
		{CFFFEE4B-3F86-4615-9ACA-B567E2D21D2B} = {DE349B40-A10F-7B7E-155A-C89584ACB3F0}
		{B91BD8CA-FCF4-5A38-69CA-09D840945EDF} = {8F463315-B67A-A694-85B4-12ACD88DB5A1}
		{27E5C4AB-846C-4954-AB4A-D214089DF307} = {B91BD8CA-FCF4-5A38-69CA-09D840945EDF}
		{05D96FEA-838A-EA51-4B06-2D59888A4876} = {E56F6B0E-A6F6-3358-388F-354936E06E4E}
		{61945268-41CE-4CBA-9093-F9CF367AD2B7} = {05D96FEA-838A-EA51-4B06-2D59888A4876}
		{2178BF8C-1179-EA17-522C-0083DCC79D3A} = {3F8E9A12-4B5C-6D7E-8F90-1A2B3C4D5E6F}
		{5AA2285A-2010-4AF2-812E-5F5E2715CC24} = {2178BF8C-1179-EA17-522C-0083DCC79D3A}
		{A0AFDFE4-2DBE-6784-9E69-E803C849C803} = {8B400B21-9EDA-E0E5-5A84-5119AB2EF6E8}
		{C3842665-CFDD-4247-A50F-A08892912695} = {A0AFDFE4-2DBE-6784-9E69-E803C849C803}
		{9BF425AA-6E84-2D00-C9C2-CEF846ABAB1B} = {8B9FDB55-B235-7FC9-E677-CC22ECA932D6}
		{8DBB54F7-9E0C-4A7C-9ADB-34DF630C51EE} = {9BF425AA-6E84-2D00-C9C2-CEF846ABAB1B}
		{BF02C070-5AE2-4426-855D-EFC5EE6F012F} = {0012149F-B1CE-45F7-DBD6-F14A33B9E099}
		{E50ED8F8-6415-41DE-8979-8B984406DAA1} = {3961B67E-76FB-C118-F2C5-378574731DFD}
		{65E22385-890F-4FAE-BD74-F117306DDA29} = {3961B67E-76FB-C118-F2C5-378574731DFD}
	EndGlobalSection
	GlobalSection(ExtensibilityGlobals) = postSolution
		SolutionGuid = {DF85B17E-6D25-48D0-BA0A-4379B5462CAB}
	EndGlobalSection
EndGlobal
