
Microsoft Visual Studio Solution File, Format Version 12.00
# Visual Studio Version 17
VisualStudioVersion = 17.7.33808.371
MinimumVisualStudioVersion = 10.0.40219.1
Project("{FAE04EC0-301F-11D3-BF4B-00C04F79EFBC}") = "WeatherBlazor", "ui-blazor\WeatherBlazor\WeatherBlazor.csproj", "{192C7008-36B8-4E28-BC6C-4BAE660537F7}"
EndProject
Project("{FAE04EC0-301F-11D3-BF4B-00C04F79EFBC}") = "WeatherAPI", "api-dotnet\WeatherAPI\WeatherAPI.csproj", "{36D2831B-4CD0-4CEE-A7E2-93914782305A}"
EndProject
Project("{FAE04EC0-301F-11D3-BF4B-00C04F79EFBC}") = "WeatherMVC", "mvc-dotnet\WeatherMVC\WeatherMVC.csproj", "{76692D10-B4B4-4896-8A1A-AED10DB540FD}"
EndProject
Project("{FAE04EC0-301F-11D3-BF4B-00C04F79EFBC}") = "Core", "core-dotnet\Core.csproj", "{5A1E1F2E-2E0B-4E5A-9C2B-2C6E7F4A9B3D}"
EndProject
Global
	GlobalSection(SolutionConfigurationPlatforms) = preSolution
		Debug|Any CPU = Debug|Any CPU
		Release|Any CPU = Release|Any CPU
	EndGlobalSection
	GlobalSection(ProjectConfigurationPlatforms) = postSolution
		{192C7008-36B8-4E28-BC6C-4BAE660537F7}.Debug|Any CPU.ActiveCfg = Debug|Any CPU
		{192C7008-36B8-4E28-BC6C-4BAE660537F7}.Debug|Any CPU.Build.0 = Debug|Any CPU
		{192C7008-36B8-4E28-BC6C-4BAE660537F7}.Release|Any CPU.ActiveCfg = Release|Any CPU
		{192C7008-36B8-4E28-BC6C-4BAE660537F7}.Release|Any CPU.Build.0 = Release|Any CPU
		{36D2831B-4CD0-4CEE-A7E2-93914782305A}.Debug|Any CPU.ActiveCfg = Debug|Any CPU
		{36D2831B-4CD0-4CEE-A7E2-93914782305A}.Debug|Any CPU.Build.0 = Debug|Any CPU
		{36D2831B-4CD0-4CEE-A7E2-93914782305A}.Release|Any CPU.ActiveCfg = Release|Any CPU
		{36D2831B-4CD0-4CEE-A7E2-93914782305A}.Release|Any CPU.Build.0 = Release|Any CPU
		{76692D10-B4B4-4896-8A1A-AED10DB540FD}.Debug|Any CPU.ActiveCfg = Debug|Any CPU
		{76692D10-B4B4-4896-8A1A-AED10DB540FD}.Debug|Any CPU.Build.0 = Debug|Any CPU
		{76692D10-B4B4-4896-8A1A-AED10DB540FD}.Release|Any CPU.ActiveCfg = Release|Any CPU
		{76692D10-B4B4-4896-8A1A-AED10DB540FD}.Release|Any CPU.Build.0 = Release|Any CPU
		{5A1E1F2E-2E0B-4E5A-9C2B-2C6E7F4A9B3D}.Debug|Any CPU.ActiveCfg = Debug|Any CPU
		{5A1E1F2E-2E0B-4E5A-9C2B-2C6E7F4A9B3D}.Debug|Any CPU.Build.0 = Debug|Any CPU
		{5A1E1F2E-2E0B-4E5A-9C2B-2C6E7F4A9B3D}.Release|Any CPU.ActiveCfg = Release|Any CPU
		{5A1E1F2E-2E0B-4E5A-9C2B-2C6E7F4A9B3D}.Release|Any CPU.Build.0 = Release|Any CPU
	EndGlobalSection
	GlobalSection(SolutionProperties) = preSolution
		HideSolutionNode = FALSE
	EndGlobalSection
	GlobalSection(ExtensibilityGlobals) = postSolution
		SolutionGuid = {DF85B17E-6D25-48D0-BA0A-4379B5462CAB}
	EndGlobalSection
EndGlobal
